
Microsoft Visual Studio Solution File, Format Version 12.00
# Visual Studio Version 17
VisualStudioVersion = 17.11.35222.181
MinimumVisualStudioVersion = 10.0.40219.1
Project("{FAE04EC0-301F-11D3-BF4B-00C04F79EFBC}") = "sprawdzian", "sprawdzian\sprawdzian.csproj", "{EC692E65-9A33-402D-A162-56A23972A67E}"
EndProject
Global
	GlobalSection(SolutionConfigurationPlatforms) = preSolution
		Debug|Any CPU = Debug|Any CPU
		Release|Any CPU = Release|Any CPU
	EndGlobalSection
	GlobalSection(ProjectConfigurationPlatforms) = postSolution
		{EC692E65-9A33-402D-A162-56A23972A67E}.Debug|Any CPU.ActiveCfg = Debug|Any CPU
		{EC692E65-9A33-402D-A162-56A23972A67E}.Debug|Any CPU.Build.0 = Debug|Any CPU
		{EC692E65-9A33-402D-A162-56A23972A67E}.Release|Any CPU.ActiveCfg = Release|Any CPU
		{EC692E65-9A33-402D-A162-56A23972A67E}.Release|Any CPU.Build.0 = Release|Any CPU
	EndGlobalSection
	GlobalSection(SolutionProperties) = preSolution
		HideSolutionNode = FALSE
	EndGlobalSection
	GlobalSection(ExtensibilityGlobals) = postSolution
		SolutionGuid = {B4CF94EC-0C14-406B-B26F-FEF345FA062D}
	EndGlobalSection
EndGlobal
